
Microsoft Visual Studio Solution File, Format Version 12.00
# Visual Studio 15
VisualStudioVersion = 15.0.28010.2046
MinimumVisualStudioVersion = 10.0.40219.1
Project("{8BC9CEB8-8B4A-11D0-8D11-00A0C91BC942}") = "RayTracing", "RayTracing\RayTracing.vcxproj", "{9CE7D5D3-0AEB-4C12-BD01-440BBE6CA68F}"
EndProject
Global
	GlobalSection(SolutionConfigurationPlatforms) = preSolution
		Debug|x64 = Debug|x64
		Debug|x86 = Debug|x86
		Release|x64 = Release|x64
		Release|x86 = Release|x86
	EndGlobalSection
	GlobalSection(ProjectConfigurationPlatforms) = postSolution
		{9CE7D5D3-0AEB-4C12-BD01-440BBE6CA68F}.Debug|x64.ActiveCfg = Debug|x64
		{9CE7D5D3-0AEB-4C12-BD01-440BBE6CA68F}.Debug|x64.Build.0 = Debug|x64
		{9CE7D5D3-0AEB-4C12-BD01-440BBE6CA68F}.Debug|x86.ActiveCfg = Debug|Win32
		{9CE7D5D3-0AEB-4C12-BD01-440BBE6CA68F}.Debug|x86.Build.0 = Debug|Win32
		{9CE7D5D3-0AEB-4C12-BD01-440BBE6CA68F}.Release|x64.ActiveCfg = Release|x64
		{9CE7D5D3-0AEB-4C12-BD01-440BBE6CA68F}.Release|x64.Build.0 = Release|x64
		{9CE7D5D3-0AEB-4C12-BD01-440BBE6CA68F}.Release|x86.ActiveCfg = Release|Win32
		{9CE7D5D3-0AEB-4C12-BD01-440BBE6CA68F}.Release|x86.Build.0 = Release|Win32
	EndGlobalSection
	GlobalSection(SolutionProperties) = preSolution
		HideSolutionNode = FALSE
	EndGlobalSection
	GlobalSection(ExtensibilityGlobals) = postSolution
		SolutionGuid = {603BF254-037B-40FF-93D9-4E5EAA4B5D4C}
	EndGlobalSection
EndGlobal
